
Microsoft Visual Studio Solution File, Format Version 12.00
# Visual Studio 15
VisualStudioVersion = 15.0.28010.2048
MinimumVisualStudioVersion = 10.0.40219.1
Project("{FAE04EC0-301F-11D3-BF4B-00C04F79EFBC}") = "RussianRouletteAssessment", "RussianRouletteAssessment\RussianRouletteAssessment.csproj", "{7CB5DC00-177A-484D-B314-17AA394D0A2A}"
EndProject
Project("{FAE04EC0-301F-11D3-BF4B-00C04F79EFBC}") = "RussianRouletteAssessmentTests", "RussianRouletteAssessmentTests\RussianRouletteAssessmentTests.csproj", "{D8A62678-FE86-4C82-9AC7-4C3C8F3DD75B}"
EndProject
Global
	GlobalSection(SolutionConfigurationPlatforms) = preSolution
		Debug|Any CPU = Debug|Any CPU
		Release|Any CPU = Release|Any CPU
	EndGlobalSection
	GlobalSection(ProjectConfigurationPlatforms) = postSolution
		{7CB5DC00-177A-484D-B314-17AA394D0A2A}.Debug|Any CPU.ActiveCfg = Debug|Any CPU
		{7CB5DC00-177A-484D-B314-17AA394D0A2A}.Debug|Any CPU.Build.0 = Debug|Any CPU
		{7CB5DC00-177A-484D-B314-17AA394D0A2A}.Release|Any CPU.ActiveCfg = Release|Any CPU
		{7CB5DC00-177A-484D-B314-17AA394D0A2A}.Release|Any CPU.Build.0 = Release|Any CPU
		{D8A62678-FE86-4C82-9AC7-4C3C8F3DD75B}.Debug|Any CPU.ActiveCfg = Debug|Any CPU
		{D8A62678-FE86-4C82-9AC7-4C3C8F3DD75B}.Debug|Any CPU.Build.0 = Debug|Any CPU
		{D8A62678-FE86-4C82-9AC7-4C3C8F3DD75B}.Release|Any CPU.ActiveCfg = Release|Any CPU
		{D8A62678-FE86-4C82-9AC7-4C3C8F3DD75B}.Release|Any CPU.Build.0 = Release|Any CPU
	EndGlobalSection
	GlobalSection(SolutionProperties) = preSolution
		HideSolutionNode = FALSE
	EndGlobalSection
	GlobalSection(ExtensibilityGlobals) = postSolution
		SolutionGuid = {E020E77A-CA7C-45D8-9785-5D88C06791A3}
	EndGlobalSection
EndGlobal
